
Microsoft Visual Studio Solution File, Format Version 12.00
# Visual Studio 2013
VisualStudioVersion = 12.0.40629.0
MinimumVisualStudioVersion = 10.0.40219.1
Project("{2150E333-8FDC-42A3-9474-1A3956D46DE8}") = "Services", "Services", "{D4348B47-463D-4FA9-BF37-D261118AFB45}"
EndProject
Project("{2150E333-8FDC-42A3-9474-1A3956D46DE8}") = "Presentation", "Presentation", "{8B1C4033-0A03-432F-88B2-46A891054ADA}"
EndProject
Project("{FAE04EC0-301F-11D3-BF4B-00C04F79EFBC}") = "Chipotle.ItemDetails", "Services\ItemDetails\Chipotle.ItemDetails\Chipotle.ItemDetails.csproj", "{CB20DC0D-29AF-4E28-BB84-D70732DC9B76}"
EndProject
Project("{2150E333-8FDC-42A3-9474-1A3956D46DE8}") = ".nuget", ".nuget", "{D645CA83-6CB6-4824-BCC3-17AA0B35F75A}"
	ProjectSection(SolutionItems) = preProject
		.nuget\NuGet.Config = .nuget\NuGet.Config
		.nuget\NuGet.exe = .nuget\NuGet.exe
		.nuget\NuGet.targets = .nuget\NuGet.targets
	EndProjectSection
EndProject
Project("{FAE04EC0-301F-11D3-BF4B-00C04F79EFBC}") = "Chipotle.Taxonomy", "Services\Taxonomy\Chipotle.Taxonomy\Chipotle.Taxonomy.csproj", "{87FA7581-2A11-486E-87E5-33F008A666A0}"
EndProject
Project("{FAE04EC0-301F-11D3-BF4B-00C04F79EFBC}") = "Chipotle.Taxonomy.Tests", "Services\Taxonomy\Chipotle.Taxonomy.Tests\Chipotle.Taxonomy.Tests.csproj", "{08242AC4-3568-43C7-845D-DB2F238CDE5D}"
EndProject
Project("{FAE04EC0-301F-11D3-BF4B-00C04F79EFBC}") = "Chipotle.Pricing.Test", "Services\Pricing\Chipotle.Pricing.Test\Chipotle.Pricing.Test.csproj", "{EBEA7CF2-AA11-4C71-8137-90C8DFF89C0A}"
EndProject
Project("{FAE04EC0-301F-11D3-BF4B-00C04F79EFBC}") = "Chipotle.Pricing", "Services\Pricing\Chipotle.Pricing\Chipotle.Pricing.csproj", "{6933D1B8-7307-4901-9E50-7CD2D40D0A1B}"
EndProject
Global
	GlobalSection(SolutionConfigurationPlatforms) = preSolution
		Debug|Any CPU = Debug|Any CPU
		Release|Any CPU = Release|Any CPU
	EndGlobalSection
	GlobalSection(ProjectConfigurationPlatforms) = postSolution
		{CB20DC0D-29AF-4E28-BB84-D70732DC9B76}.Debug|Any CPU.ActiveCfg = Debug|Any CPU
		{CB20DC0D-29AF-4E28-BB84-D70732DC9B76}.Debug|Any CPU.Build.0 = Debug|Any CPU
		{CB20DC0D-29AF-4E28-BB84-D70732DC9B76}.Release|Any CPU.ActiveCfg = Release|Any CPU
		{CB20DC0D-29AF-4E28-BB84-D70732DC9B76}.Release|Any CPU.Build.0 = Release|Any CPU
		{87FA7581-2A11-486E-87E5-33F008A666A0}.Debug|Any CPU.ActiveCfg = Debug|Any CPU
		{87FA7581-2A11-486E-87E5-33F008A666A0}.Debug|Any CPU.Build.0 = Debug|Any CPU
		{87FA7581-2A11-486E-87E5-33F008A666A0}.Release|Any CPU.ActiveCfg = Release|Any CPU
		{87FA7581-2A11-486E-87E5-33F008A666A0}.Release|Any CPU.Build.0 = Release|Any CPU
		{08242AC4-3568-43C7-845D-DB2F238CDE5D}.Debug|Any CPU.ActiveCfg = Debug|Any CPU
		{08242AC4-3568-43C7-845D-DB2F238CDE5D}.Debug|Any CPU.Build.0 = Debug|Any CPU
		{08242AC4-3568-43C7-845D-DB2F238CDE5D}.Release|Any CPU.ActiveCfg = Release|Any CPU
		{08242AC4-3568-43C7-845D-DB2F238CDE5D}.Release|Any CPU.Build.0 = Release|Any CPU
		{EBEA7CF2-AA11-4C71-8137-90C8DFF89C0A}.Debug|Any CPU.ActiveCfg = Debug|Any CPU
		{EBEA7CF2-AA11-4C71-8137-90C8DFF89C0A}.Debug|Any CPU.Build.0 = Debug|Any CPU
		{EBEA7CF2-AA11-4C71-8137-90C8DFF89C0A}.Release|Any CPU.ActiveCfg = Release|Any CPU
		{EBEA7CF2-AA11-4C71-8137-90C8DFF89C0A}.Release|Any CPU.Build.0 = Release|Any CPU
		{6933D1B8-7307-4901-9E50-7CD2D40D0A1B}.Debug|Any CPU.ActiveCfg = Debug|Any CPU
		{6933D1B8-7307-4901-9E50-7CD2D40D0A1B}.Debug|Any CPU.Build.0 = Debug|Any CPU
		{6933D1B8-7307-4901-9E50-7CD2D40D0A1B}.Release|Any CPU.ActiveCfg = Release|Any CPU
		{6933D1B8-7307-4901-9E50-7CD2D40D0A1B}.Release|Any CPU.Build.0 = Release|Any CPU
	EndGlobalSection
	GlobalSection(SolutionProperties) = preSolution
		HideSolutionNode = FALSE
	EndGlobalSection
	GlobalSection(NestedProjects) = preSolution
		{CB20DC0D-29AF-4E28-BB84-D70732DC9B76} = {D4348B47-463D-4FA9-BF37-D261118AFB45}
		{87FA7581-2A11-486E-87E5-33F008A666A0} = {D4348B47-463D-4FA9-BF37-D261118AFB45}
		{08242AC4-3568-43C7-845D-DB2F238CDE5D} = {D4348B47-463D-4FA9-BF37-D261118AFB45}
		{EBEA7CF2-AA11-4C71-8137-90C8DFF89C0A} = {D4348B47-463D-4FA9-BF37-D261118AFB45}
		{6933D1B8-7307-4901-9E50-7CD2D40D0A1B} = {D4348B47-463D-4FA9-BF37-D261118AFB45}
	EndGlobalSection
EndGlobal
